
Microsoft Visual Studio Solution File, Format Version 12.00
# Visual Studio Version 16
VisualStudioVersion = 16.0.31112.23
MinimumVisualStudioVersion = 10.0.40219.1
Project("{9A19103F-16F7-4668-BE54-9A1E7A4F7556}") = "GameStore.Data", "GameStore.Data\GameStore.Data.csproj", "{3A8D24CE-701C-4B31-AA04-9AB7873D2DA3}"
EndProject
Project("{9A19103F-16F7-4668-BE54-9A1E7A4F7556}") = "GameStore.Models", "GameStore.Models\GameStore.Models.csproj", "{24A83A9D-E780-4CA8-9977-3D5A1B22900A}"
EndProject
Project("{9A19103F-16F7-4668-BE54-9A1E7A4F7556}") = "GameStore.Services", "GameStore.Services\GameStore.Services.csproj", "{A2114903-9B70-4E23-9DB2-D70D6916D180}"
EndProject
Project("{9A19103F-16F7-4668-BE54-9A1E7A4F7556}") = "SeedConsole", "TestConsole\SeedConsole.csproj", "{70F18378-94D3-471F-A46B-BB5BCB37987D}"
EndProject
Project("{9A19103F-16F7-4668-BE54-9A1E7A4F7556}") = "GameShop.WebApiServices", "GameShop.WebApiServices\GameShop.WebApiServices.csproj", "{FF7AC7A3-1622-43BE-9386-5B916411FD60}"
EndProject
Global
	GlobalSection(SolutionConfigurationPlatforms) = preSolution
		Debug|Any CPU = Debug|Any CPU
		Release|Any CPU = Release|Any CPU
	EndGlobalSection
	GlobalSection(ProjectConfigurationPlatforms) = postSolution
		{3A8D24CE-701C-4B31-AA04-9AB7873D2DA3}.Debug|Any CPU.ActiveCfg = Debug|Any CPU
		{3A8D24CE-701C-4B31-AA04-9AB7873D2DA3}.Debug|Any CPU.Build.0 = Debug|Any CPU
		{3A8D24CE-701C-4B31-AA04-9AB7873D2DA3}.Release|Any CPU.ActiveCfg = Release|Any CPU
		{3A8D24CE-701C-4B31-AA04-9AB7873D2DA3}.Release|Any CPU.Build.0 = Release|Any CPU
		{24A83A9D-E780-4CA8-9977-3D5A1B22900A}.Debug|Any CPU.ActiveCfg = Debug|Any CPU
		{24A83A9D-E780-4CA8-9977-3D5A1B22900A}.Debug|Any CPU.Build.0 = Debug|Any CPU
		{24A83A9D-E780-4CA8-9977-3D5A1B22900A}.Release|Any CPU.ActiveCfg = Release|Any CPU
		{24A83A9D-E780-4CA8-9977-3D5A1B22900A}.Release|Any CPU.Build.0 = Release|Any CPU
		{A2114903-9B70-4E23-9DB2-D70D6916D180}.Debug|Any CPU.ActiveCfg = Debug|Any CPU
		{A2114903-9B70-4E23-9DB2-D70D6916D180}.Debug|Any CPU.Build.0 = Debug|Any CPU
		{A2114903-9B70-4E23-9DB2-D70D6916D180}.Release|Any CPU.ActiveCfg = Release|Any CPU
		{A2114903-9B70-4E23-9DB2-D70D6916D180}.Release|Any CPU.Build.0 = Release|Any CPU
		{70F18378-94D3-471F-A46B-BB5BCB37987D}.Debug|Any CPU.ActiveCfg = Debug|Any CPU
		{70F18378-94D3-471F-A46B-BB5BCB37987D}.Debug|Any CPU.Build.0 = Debug|Any CPU
		{70F18378-94D3-471F-A46B-BB5BCB37987D}.Release|Any CPU.ActiveCfg = Release|Any CPU
		{70F18378-94D3-471F-A46B-BB5BCB37987D}.Release|Any CPU.Build.0 = Release|Any CPU
		{FF7AC7A3-1622-43BE-9386-5B916411FD60}.Debug|Any CPU.ActiveCfg = Debug|Any CPU
		{FF7AC7A3-1622-43BE-9386-5B916411FD60}.Debug|Any CPU.Build.0 = Debug|Any CPU
		{FF7AC7A3-1622-43BE-9386-5B916411FD60}.Release|Any CPU.ActiveCfg = Release|Any CPU
		{FF7AC7A3-1622-43BE-9386-5B916411FD60}.Release|Any CPU.Build.0 = Release|Any CPU
	EndGlobalSection
	GlobalSection(SolutionProperties) = preSolution
		HideSolutionNode = FALSE
	EndGlobalSection
	GlobalSection(ExtensibilityGlobals) = postSolution
		SolutionGuid = {A42334EB-4865-4D7C-A9F7-6D62F84B2515}
	EndGlobalSection
EndGlobal
